{
  "name": "component04",
  "version": "1.0.0",
  "lockfileVersion": 1,
  "requires": true,
  "dependencies": {
    "@antv/adjust": {
      "version": "0.1.1",
      "resolved": "https://registry.npmjs.org/@antv/adjust/-/adjust-0.1.1.tgz",
      "integrity": "sha512-9FaMOyBlM4AgoRL0b5o0VhEKAYkexBNUrxV8XmpHU/9NBPJONBOB/NZUlQDqxtLItrt91tCfbAuMQmF529UX2Q==",
      "requires": {
        "@antv/util": "~1.3.1"
      },
      "dependencies": {
        "@antv/util": {
          "version": "1.3.1",
          "resolved": "https://registry.npmjs.org/@antv/util/-/util-1.3.1.tgz",
          "integrity": "sha512-cbUta0hIJrKEaW3eKoGarz3Ita+9qUPF2YzTj8A6wds/nNiy20G26ztIWHU+5ThLc13B1n5Ik52LbaCaeg9enA==",
          "requires": {
            "@antv/gl-matrix": "^2.7.1"
          }
        }
      }
    },
    "@antv/attr": {
      "version": "0.0.7",
      "resolved": "https://registry.npmjs.org/@antv/attr/-/attr-0.0.7.tgz",
      "integrity": "sha512-dgvJ2j6Sn7of8AET9ykTseS8mjwisLcAGf/UCkEaMLCduCr6hQtwAEBIZnEpk0b04QlD5pu0kqV93B1ItnvCPw==",
      "requires": {
        "@antv/util": "~1.2.5"
      }
    },
    "@antv/f2": {
      "version": "3.3.5",
      "resolved": "https://registry.npmjs.org/@antv/f2/-/f2-3.3.5.tgz",
      "integrity": "sha512-QmCFEo8erpPfEr7oFp0m5IqA4rLBckLYHPW45nr2FRubmIUhprhDq+b5d/95Vf2tLxXgpX82rcxXYry3ve5MwA==",
      "requires": {
        "@antv/adjust": "~0.1.1",
        "@antv/attr": "~0.0.3",
        "@antv/scale": "~0.0.6",
        "@antv/util": "~1.2.5",
        "hammerjs": "^2.0.8"
      }
    },
    "@antv/gl-matrix": {
      "version": "2.7.1",
      "resolved": "https://registry.npmjs.org/@antv/gl-matrix/-/gl-matrix-2.7.1.tgz",
      "integrity": "sha512-oOWcVNlpELIKi9x+Mm1Vwbz8pXfkbJKykoCIOJ/dNK79hSIANbpXJ5d3Rra9/wZqK6MC961B7sybFhPlLraT3Q=="
    },
    "@antv/scale": {
      "version": "0.0.9",
      "resolved": "https://registry.npmjs.org/@antv/scale/-/scale-0.0.9.tgz",
      "integrity": "sha512-s9LDtGz7n+m3jKJozGIhykveIJkpfXqJo2okgOP75u35S9pNXM9F/CVcwI1/GabPUxe87X7m2md3CZ5VtGud8w==",
      "requires": {
        "@antv/util": "~1.2.5",
        "fecha": "~2.3.3"
      }
    },
    "@antv/util": {
      "version": "1.2.5",
      "resolved": "https://registry.npmjs.org/@antv/util/-/util-1.2.5.tgz",
      "integrity": "sha512-yz1AjXSEjNu9O5kK9pqKq69f/Iliu/IA3XXljUcfrlbUtmUJ0CH1tB5I60vPqfaKaUPhz+/35K+56yqaCsGmqA==",
      "requires": {
        "@antv/gl-matrix": "^2.7.1"
      }
    },
    "ammo": {
      "version": "3.0.3",
      "resolved": "https://registry.npmjs.org/ammo/-/ammo-3.0.3.tgz",
      "integrity": "sha512-vo76VJ44MkUBZL/BzpGXaKzMfroF4ZR6+haRuw9p+eSWfoNaH2AxVc8xmiEPC08jhzJSeM6w7/iMUGet8b4oBQ==",
      "requires": {
        "hoek": "6.x.x"
      }
    },
    "axios": {
      "version": "0.18.0",
      "resolved": "https://registry.npmjs.org/axios/-/axios-0.18.0.tgz",
      "integrity": "sha1-MtU+SFHv3AoRmTts0AB4nXDAUQI=",
      "requires": {
        "follow-redirects": "^1.3.0",
        "is-buffer": "^1.1.5"
      }
    },
    "boom": {
      "version": "7.3.0",
      "resolved": "https://registry.npmjs.org/boom/-/boom-7.3.0.tgz",
      "integrity": "sha512-Swpoyi2t5+GhOEGw8rEsKvTxFLIDiiKoUc2gsoV6Lyr43LHBIzch3k2MvYUs8RTROrIkVJ3Al0TkaOGjnb+B6A==",
      "requires": {
        "hoek": "6.x.x"
      }
    },
    "bounce": {
      "version": "1.2.3",
      "resolved": "https://registry.npmjs.org/bounce/-/bounce-1.2.3.tgz",
      "integrity": "sha512-3G7B8CyBnip5EahCZJjnvQ1HLyArC6P5e+xcolo13BVI9ogFaDOsNMAE7FIWliHtIkYI8/nTRCvCY9tZa3Mu4g==",
      "requires": {
        "boom": "7.x.x",
        "hoek": "6.x.x"
      }
    },
    "chameleon-api": {
      "version": "0.4.3",
      "resolved": "https://registry.npmjs.org/chameleon-api/-/chameleon-api-0.4.3.tgz",
      "integrity": "sha512-byqC9UZAlAdVT70Pl5szDRvmLW4T13Gexc0/sZiZleElmpcgkVf78ruT7T7u4ISmuTa5G3oWi680jZevfBk0pA==",
      "requires": {
        "chameleon-bridge": "0.1.0",
        "child_process": "^1.0.2",
        "fetch-detector": "^1.0.1",
        "fetch-ie8": "^1.5.0"
      },
      "dependencies": {
        "chameleon-bridge": {
          "version": "0.1.0",
          "resolved": "https://registry.npmjs.org/chameleon-bridge/-/chameleon-bridge-0.1.0.tgz",
          "integrity": "sha512-1Qc7F4ts0zlfglGn3VnVSPg3SRge37gu5/EQ+Mz8K3vqpRgoXGPN6cRtK+4wrvqox740gml+yWsuV10GY2xB1A=="
        }
      }
    },
    "chameleon-bridge": {
      "version": "0.1.2",
      "resolved": "https://registry.npmjs.org/chameleon-bridge/-/chameleon-bridge-0.1.2.tgz",
      "integrity": "sha512-Nrah3QBWzqXw5C6oSiD/mM2vVZTaRKE58Y1d/iasQa/7vNKNGLhvc/r8FJS6k7kBAgMSJJFLuUd475x2/x5Fbg=="
    },
    "chameleon-runtime": {
      "version": "0.1.4",
      "resolved": "https://registry.npmjs.org/chameleon-runtime/-/chameleon-runtime-0.1.4.tgz",
      "integrity": "sha512-k1/k/b3XVZR+G+2PzdGheyL3QcH43ixGmzmuzS08Wg4H/ZC0lQ6kAieQNl3LtnrkMO0DCbfI5B+Ce36EQEp8bg==",
      "requires": {
        "mobx": "3.6.1"
      }
    },
    "chameleon-scroll": {
      "version": "0.0.3",
      "resolved": "https://registry.npmjs.org/chameleon-scroll/-/chameleon-scroll-0.0.3.tgz",
      "integrity": "sha512-9ru7moY9uU3ZouE74OmZ4pP0YHRXkin+oLvfCqKaXHRhK2Cg8kdFRaofmaLJyokb0R6S4Q7h1IQAsMcFoWkmEA=="
    },
    "chameleon-store": {
      "version": "0.0.3",
      "resolved": "https://registry.npmjs.org/chameleon-store/-/chameleon-store-0.0.3.tgz",
      "integrity": "sha512-f6lmeDW01xnau71iXK52haomD2etmQg+gBvVFO5T84eqs9AxtXiRkYAjxl/rqu+ejFACAm1nWMfAjXldw0lUTQ==",
      "requires": {
        "mobx": "3.6.1",
        "vuex": "3.0.1"
      }
    },
    "chameleon-ui-builtin": {
      "version": "0.2.0",
      "resolved": "https://registry.npmjs.org/chameleon-ui-builtin/-/chameleon-ui-builtin-0.2.0.tgz",
      "integrity": "sha512-IR0vbrvd5WIU1JXimHu/G4ByP+jWXCTSOoD8XWckw+8K5w3hlDoxBa1ca//+54AGD7Y/yTx5Q+Trf/itAeC8Ww==",
      "requires": {
        "chameleon-scroll": "0.0.3"
      }
    },
    "child_process": {
      "version": "1.0.2",
      "resolved": "https://registry.npmjs.org/child_process/-/child_process-1.0.2.tgz",
      "integrity": "sha1-sffn/HPSXn/R1FWtyU4UODAYK1o="
    },
    "cml-ui": {
      "version": "0.1.7",
      "resolved": "https://registry.npmjs.org/cml-ui/-/cml-ui-0.1.7.tgz",
      "integrity": "sha512-oxzAHXzi4D2nxnoEk0XylAbuBwSDZhR/G43UmjePOfGnDJBNhgIMB3UnDGjIpEmJVS5S0t1pEGPNCjFrzJ+LnQ=="
    },
    "debug": {
      "version": "3.2.6",
      "resolved": "https://registry.npmjs.org/debug/-/debug-3.2.6.tgz",
      "integrity": "sha512-mel+jf7nrtEl5Pn1Qx46zARXKDpBbvzezse7p7LqINmdoIk8PYP5SySaxEmYv6TZ0JyEKA1hsCId6DIhgITtWQ==",
      "requires": {
        "ms": "^2.1.1"
      }
    },
    "decode-uri-component": {
      "version": "0.2.0",
      "resolved": "https://registry.npmjs.org/decode-uri-component/-/decode-uri-component-0.2.0.tgz",
      "integrity": "sha1-6zkTMzRYd1y4TNGh+uBiEGu4dUU=",
      "dev": true
    },
    "echarts": {
      "version": "4.1.0",
      "resolved": "http://registry.npm.taobao.org/echarts/download/echarts-4.1.0.tgz",
      "integrity": "sha1-1YjJX3PBqZKLnHPVt2l1HDGFvNw=",
      "requires": {
        "zrender": "4.0.4"
      }
    },
    "exec-sh": {
      "version": "0.2.2",
      "resolved": "https://registry.npmjs.org/exec-sh/-/exec-sh-0.2.2.tgz",
      "integrity": "sha512-FIUCJz1RbuS0FKTdaAafAByGS0CPvU3R0MeHxgtl+djzCc//F8HakL8GzmVNZanasTbTAY/3DRFA0KpVqj/eAw==",
      "dev": true,
      "requires": {
        "merge": "^1.2.0"
      }
    },
    "fecha": {
      "version": "2.3.3",
      "resolved": "https://registry.npmjs.org/fecha/-/fecha-2.3.3.tgz",
      "integrity": "sha512-lUGBnIamTAwk4znq5BcqsDaxSmZ9nDVJaij6NvRt/Tg4R69gERA+otPKbS86ROw9nxVMw2/mp1fnaiWqbs6Sdg=="
    },
    "fetch-detector": {
      "version": "1.0.1",
      "resolved": "https://registry.npmjs.org/fetch-detector/-/fetch-detector-1.0.1.tgz",
      "integrity": "sha1-bLPq9zjCcnhi6GiA1hIUI+qkIIM="
    },
    "fetch-ie8": {
      "version": "1.5.0",
      "resolved": "https://registry.npmjs.org/fetch-ie8/-/fetch-ie8-1.5.0.tgz",
      "integrity": "sha1-8RQcP5bLyJN6oxsPvBp3AiD7wVs="
    },
    "follow-redirects": {
      "version": "1.7.0",
      "resolved": "https://registry.npmjs.org/follow-redirects/-/follow-redirects-1.7.0.tgz",
      "integrity": "sha512-m/pZQy4Gj287eNy94nivy5wchN3Kp+Q5WgUPNy5lJSZ3sgkVKSYV/ZChMAQVIgx1SqfZ2zBZtPA2YlXIWxxJOQ==",
      "requires": {
        "debug": "^3.2.6"
      }
    },
    "hammerjs": {
      "version": "2.0.8",
      "resolved": "https://registry.npmjs.org/hammerjs/-/hammerjs-2.0.8.tgz",
      "integrity": "sha1-BO93hiz/K7edMPdpIJWTAiK/YPE="
    },
    "hapi": {
      "version": "18.1.0",
      "resolved": "https://registry.npmjs.org/hapi/-/hapi-18.1.0.tgz",
      "integrity": "sha512-nSU1VLyTAgp7P5gy47QzJIP2JAb+wOFvJIV3gnL0lFj/mD+HuTXhyUsDYXjF/dhADMVXVEz31z6SUHBJhtsvGA==",
      "dev": true,
      "requires": {
        "accept": "3.x.x",
        "ammo": "3.x.x",
        "boom": "7.x.x",
        "bounce": "1.x.x",
        "call": "5.x.x",
        "catbox": "10.x.x",
        "catbox-memory": "4.x.x",
        "heavy": "6.x.x",
        "hoek": "6.x.x",
        "joi": "14.x.x",
        "mimos": "4.x.x",
        "podium": "3.x.x",
        "shot": "4.x.x",
        "somever": "2.x.x",
        "statehood": "6.x.x",
        "subtext": "6.x.x",
        "teamwork": "3.x.x",
        "topo": "3.x.x"
      },
      "dependencies": {
        "accept": {
          "version": "3.1.3",
          "resolved": "https://registry.npmjs.org/accept/-/accept-3.1.3.tgz",
          "integrity": "sha512-OgOEAidVEOKPup+Gv2+2wdH2AgVKI9LxsJ4hicdJ6cY0faUuZdZoi56kkXWlHp9qicN1nWQLmW5ZRGk+SBS5xg==",
          "dev": true,
          "requires": {
            "boom": "7.x.x",
            "hoek": "6.x.x"
          }
        },
        "ammo": {
          "version": "3.0.3",
          "resolved": "https://registry.npmjs.org/ammo/-/ammo-3.0.3.tgz",
          "integrity": "sha512-vo76VJ44MkUBZL/BzpGXaKzMfroF4ZR6+haRuw9p+eSWfoNaH2AxVc8xmiEPC08jhzJSeM6w7/iMUGet8b4oBQ==",
          "dev": true,
          "requires": {
            "hoek": "6.x.x"
          }
        },
        "b64": {
          "version": "4.1.2",
          "resolved": "https://registry.npmjs.org/b64/-/b64-4.1.2.tgz",
          "integrity": "sha512-+GUspBxlH3CJaxMUGUE1EBoWM6RKgWiYwUDal0qdf8m3ArnXNN1KzKVo5HOnE/FSq4HHyWf3TlHLsZI8PKQgrQ==",
          "dev": true,
          "requires": {
            "hoek": "6.x.x"
          }
        },
        "boom": {
          "version": "7.3.0",
          "resolved": "https://registry.npmjs.org/boom/-/boom-7.3.0.tgz",
          "integrity": "sha512-Swpoyi2t5+GhOEGw8rEsKvTxFLIDiiKoUc2gsoV6Lyr43LHBIzch3k2MvYUs8RTROrIkVJ3Al0TkaOGjnb+B6A==",
          "dev": true,
          "requires": {
            "hoek": "6.x.x"
          }
        },
        "bounce": {
          "version": "1.2.3",
          "resolved": "https://registry.npmjs.org/bounce/-/bounce-1.2.3.tgz",
          "integrity": "sha512-3G7B8CyBnip5EahCZJjnvQ1HLyArC6P5e+xcolo13BVI9ogFaDOsNMAE7FIWliHtIkYI8/nTRCvCY9tZa3Mu4g==",
          "dev": true,
          "requires": {
            "boom": "7.x.x",
            "hoek": "6.x.x"
          }
        },
        "bourne": {
          "version": "1.1.1",
          "resolved": "https://registry.npmjs.org/bourne/-/bourne-1.1.1.tgz",
          "integrity": "sha512-Ou0l3W8+n1FuTOoIfIrCk9oF9WVWc+9fKoAl67XQr9Ws0z7LgILRZ7qtc9xdT4BveSKtnYXfKPgn8pFAqeQRew==",
          "dev": true
        },
        "call": {
          "version": "5.0.3",
          "resolved": "https://registry.npmjs.org/call/-/call-5.0.3.tgz",
          "integrity": "sha512-eX16KHiAYXugbFu6VifstSdwH6aMuWWb4s0qvpq1nR1b+Sf+u68jjttg8ixDBEldPqBi30bDU35OJQWKeTLKxg==",
          "dev": true,
          "requires": {
            "boom": "7.x.x",
            "hoek": "6.x.x"
          }
        },
        "catbox": {
          "version": "10.0.6",
          "resolved": "https://registry.npmjs.org/catbox/-/catbox-10.0.6.tgz",
          "integrity": "sha512-gQWCnF/jbHcfwGbQ4FQxyRiAwLRipqWTTXjpq7rTqqdcsnZosFa0L3LsCZcPTF33QIeMMkS7QmFBHt6QdzGPvg==",
          "dev": true,
          "requires": {
            "boom": "7.x.x",
            "hoek": "6.x.x",
            "joi": "14.x.x"
          }
        },
        "catbox-memory": {
          "version": "4.0.1",
          "resolved": "https://registry.npmjs.org/catbox-memory/-/catbox-memory-4.0.1.tgz",
          "integrity": "sha512-ZmqNiLsYCIu9qvBJ/MQbznDV2bFH5gFiH67TgIJgSSffJFtTXArT+MM3AvJQlby9NSkLHOX4eH/uuUqnch/Ldw==",
          "dev": true,
          "requires": {
            "boom": "7.x.x",
            "hoek": "6.x.x"
          }
        },
        "content": {
          "version": "4.0.6",
          "resolved": "https://registry.npmjs.org/content/-/content-4.0.6.tgz",
          "integrity": "sha512-lR9ND3dXiMdmsE84K6l02rMdgiBVmtYWu1Vr/gfSGHcIcznBj2QxmSdUgDuNFOA+G9yrb1IIWkZ7aKtB6hDGyA==",
          "dev": true,
          "requires": {
            "boom": "7.x.x"
          }
        },
        "cryptiles": {
          "version": "4.1.3",
          "resolved": "https://registry.npmjs.org/cryptiles/-/cryptiles-4.1.3.tgz",
          "integrity": "sha512-gT9nyTMSUC1JnziQpPbxKGBbUg8VL7Zn2NB4E1cJYvuXdElHrwxrV9bmltZGDzet45zSDGyYceueke1TjynGzw==",
          "dev": true,
          "requires": {
            "boom": "7.x.x"
          }
        },
        "heavy": {
          "version": "6.1.2",
          "resolved": "https://registry.npmjs.org/heavy/-/heavy-6.1.2.tgz",
          "integrity": "sha512-cJp884bqhiebNcEHydW0g6V1MUGYOXRPw9c7MFiHQnuGxtbWuSZpsbojwb2kxb3AA1/Rfs8CNiV9MMOF8pFRDg==",
          "dev": true,
          "requires": {
            "boom": "7.x.x",
            "hoek": "6.x.x",
            "joi": "14.x.x"
          }
        },
        "hoek": {
          "version": "6.1.2",
          "resolved": "https://registry.npmjs.org/hoek/-/hoek-6.1.2.tgz",
          "integrity": "sha512-6qhh/wahGYZHFSFw12tBbJw5fsAhhwrrG/y3Cs0YMTv2WzMnL0oLPnQJjv1QJvEfylRSOFuP+xCu+tdx0tD16Q==",
          "dev": true
        },
        "iron": {
          "version": "5.0.6",
          "resolved": "https://registry.npmjs.org/iron/-/iron-5.0.6.tgz",
          "integrity": "sha512-zYUMOSkEXGBdwlV/AXF9zJC0aLuTJUKHkGeYS5I2g225M5i6SrxQyGJGhPgOR8BK1omL6N5i6TcwfsXbP8/Exw==",
          "dev": true,
          "requires": {
            "b64": "4.x.x",
            "boom": "7.x.x",
            "cryptiles": "4.x.x",
            "hoek": "6.x.x"
          }
        },
        "joi": {
          "version": "14.3.1",
          "resolved": "https://registry.npmjs.org/joi/-/joi-14.3.1.tgz",
          "integrity": "sha512-LQDdM+pkOrpAn4Lp+neNIFV3axv1Vna3j38bisbQhETPMANYRbFJFUyOZcOClYvM/hppMhGWuKSFEK9vjrB+bQ==",
          "dev": true,
          "requires": {
            "hoek": "6.x.x",
            "isemail": "3.x.x",
            "topo": "3.x.x"
          }
        },
        "mime-db": {
          "version": "1.37.0",
          "resolved": "https://registry.npmjs.org/mime-db/-/mime-db-1.37.0.tgz",
          "integrity": "sha512-R3C4db6bgQhlIhPU48fUtdVmKnflq+hRdad7IyKhtFj06VPNVdk2RhiYL3UjQIlso8L+YxAtFkobT0VK+S/ybg==",
          "dev": true
        },
        "mimos": {
          "version": "4.0.2",
          "resolved": "https://registry.npmjs.org/mimos/-/mimos-4.0.2.tgz",
          "integrity": "sha512-5XBsDqBqzSN88XPPH/TFpOalWOjHJM5Z2d3AMx/30iq+qXvYKd/8MPhqBwZDOLtoaIWInR3nLzMQcxfGK9djXA==",
          "dev": true,
          "requires": {
            "hoek": "6.x.x",
            "mime-db": "1.x.x"
          }
        },
        "nigel": {
          "version": "3.0.4",
          "resolved": "https://registry.npmjs.org/nigel/-/nigel-3.0.4.tgz",
          "integrity": "sha512-3SZCCS/duVDGxFpTROHEieC+itDo4UqL9JNUyQJv3rljudQbK6aqus5B4470OxhESPJLN93Qqxg16rH7DUjbfQ==",
          "dev": true,
          "requires": {
            "hoek": "6.x.x",
            "vise": "3.x.x"
          }
        },
        "pez": {
          "version": "4.0.5",
          "resolved": "https://registry.npmjs.org/pez/-/pez-4.0.5.tgz",
          "integrity": "sha512-HvL8uiFIlkXbx/qw4B8jKDCWzo7Pnnd65Uvanf9OOCtb20MRcb9gtTVBf9NCnhETif1/nzbDHIjAWC/sUp7LIQ==",
          "dev": true,
          "requires": {
            "b64": "4.x.x",
            "boom": "7.x.x",
            "content": "4.x.x",
            "hoek": "6.x.x",
            "nigel": "3.x.x"
          }
        },
        "podium": {
          "version": "3.2.0",
          "resolved": "https://registry.npmjs.org/podium/-/podium-3.2.0.tgz",
          "integrity": "sha512-rbwvxwVkI6gRRlxZQ1zUeafrpGxZ7QPHIheinehAvGATvGIPfWRkaTeWedc5P4YjXJXEV8ZbBxPtglNylF9hjw==",
          "dev": true,
          "requires": {
            "hoek": "6.x.x",
            "joi": "14.x.x"
          }
        },
        "shot": {
          "version": "4.0.7",
          "resolved": "https://registry.npmjs.org/shot/-/shot-4.0.7.tgz",
          "integrity": "sha512-RKaKAGKxJ11EjJl0cf2fYVSsd4KB5Cncb9J0v7w+0iIaXpxNqFWTYNDNhBX7f0XSyDrjOH9a4OWZ9Gp/ZML+ew==",
          "dev": true,
          "requires": {
            "hoek": "6.x.x",
            "joi": "14.x.x"
          }
        },
        "somever": {
          "version": "2.0.0",
          "resolved": "https://registry.npmjs.org/somever/-/somever-2.0.0.tgz",
          "integrity": "sha512-9JaIPP+HxwYGqCDqqK3tRaTqdtQHoK6Qy3IrXhIt2q5x8fs8RcfU7BMWlFTCOgFazK8p88zIv1tHQXvAwtXMyw==",
          "dev": true,
          "requires": {
            "bounce": "1.x.x",
            "hoek": "6.x.x"
          }
        },
        "statehood": {
          "version": "6.0.9",
          "resolved": "https://registry.npmjs.org/statehood/-/statehood-6.0.9.tgz",
          "integrity": "sha512-jbFg1+MYEqfC7ABAoWZoeF4cQUtp3LUvMDUGExL76cMmleBHG7I6xlZFsE8hRi7nEySIvutHmVlLmBe9+2R5LQ==",
          "dev": true,
          "requires": {
            "boom": "7.x.x",
            "bounce": "1.x.x",
            "bourne": "1.x.x",
            "cryptiles": "4.x.x",
            "hoek": "6.x.x",
            "iron": "5.x.x",
            "joi": "14.x.x"
          }
        },
        "subtext": {
          "version": "6.0.12",
          "resolved": "https://registry.npmjs.org/subtext/-/subtext-6.0.12.tgz",
          "integrity": "sha512-yT1wCDWVgqvL9BIkWzWqgj5spUSYo/Enu09iUV8t2ZvHcr2tKGTGg2kc9tUpVEsdhp1ihsZeTAiDqh0TQciTPQ==",
          "dev": true,
          "requires": {
            "boom": "7.x.x",
            "bourne": "1.x.x",
            "content": "4.x.x",
            "hoek": "6.x.x",
            "pez": "4.x.x",
            "wreck": "14.x.x"
          }
        },
        "teamwork": {
          "version": "3.0.3",
          "resolved": "https://registry.npmjs.org/teamwork/-/teamwork-3.0.3.tgz",
          "integrity": "sha512-OCB56z+G70iA1A1OFoT+51TPzfcgN0ks75uN3yhxA+EU66WTz2BevNDK4YzMqfaL5tuAvxy4iFUn35/u8pxMaQ==",
          "dev": true
        },
        "topo": {
          "version": "3.0.3",
          "resolved": "https://registry.npmjs.org/topo/-/topo-3.0.3.tgz",
          "integrity": "sha512-IgpPtvD4kjrJ7CRA3ov2FhWQADwv+Tdqbsf1ZnPUSAtCJ9e1Z44MmoSGDXGk4IppoZA7jd/QRkNddlLJWlUZsQ==",
          "dev": true,
          "requires": {
            "hoek": "6.x.x"
          }
        },
        "vise": {
          "version": "3.0.2",
          "resolved": "https://registry.npmjs.org/vise/-/vise-3.0.2.tgz",
          "integrity": "sha512-X52VtdRQbSBXdjcazRiY3eRgV3vTQ0B+7Wh8uC9cVv7lKfML5m9+9NHlbcgCY0R9EAqD1v/v7o9mhGh2A3ANFg==",
          "dev": true,
          "requires": {
            "hoek": "6.x.x"
          }
        },
        "wreck": {
          "version": "14.1.3",
          "resolved": "https://registry.npmjs.org/wreck/-/wreck-14.1.3.tgz",
          "integrity": "sha512-hb/BUtjX3ObbwO3slCOLCenQ4EP8e+n8j6FmTne3VhEFp5XV1faSJojiyxVSvw34vgdeTG5baLTl4NmjwokLlw==",
          "dev": true,
          "requires": {
            "boom": "7.x.x",
            "hoek": "6.x.x"
          }
        }
      }
    },
    "hoek": {
      "version": "6.1.3",
      "resolved": "https://registry.npmjs.org/hoek/-/hoek-6.1.3.tgz",
      "integrity": "sha512-YXXAAhmF9zpQbC7LEcREFtXfGq5K1fmd+4PHkBq8NUqmzW3G+Dq10bI/i0KucLRwss3YYFQ0fSfoxBZYiGUqtQ=="
    },
    "inert": {
      "version": "5.1.3",
      "resolved": "https://registry.npmjs.org/inert/-/inert-5.1.3.tgz",
      "integrity": "sha512-xLtqTOcJe+/RBaXkH0ZFai91SFj1a27ZXjFLLyiezLGhZCkBvMA+YGe6hNVVA678mb4EudKW35q1hATkxfUvMA==",
      "requires": {
        "ammo": "3.x.x",
        "boom": "7.x.x",
        "bounce": "1.x.x",
        "hoek": "6.x.x",
        "joi": "14.x.x",
        "lru-cache": "4.1.x"
      }
    },
    "is-buffer": {
      "version": "1.1.6",
      "resolved": "https://registry.npmjs.org/is-buffer/-/is-buffer-1.1.6.tgz",
      "integrity": "sha512-NcdALwpXkTm5Zvvbk7owOUSvVvBKDgKP5/ewfXEznmQFfs4ZRmanOeKBTjRVjka3QFoN6XJ+9F3USqfHqTaU5w=="
    },
    "isemail": {
      "version": "3.2.0",
      "resolved": "https://registry.npmjs.org/isemail/-/isemail-3.2.0.tgz",
      "integrity": "sha512-zKqkK+O+dGqevc93KNsbZ/TqTUFd46MwWjYOoMrjIMZ51eU7DtQG3Wmd9SQQT7i7RVnuTPEiYEWHU3MSbxC1Tg==",
      "requires": {
        "punycode": "2.x.x"
      }
    },
    "items": {
      "version": "2.1.2",
      "resolved": "https://registry.npmjs.org/items/-/items-2.1.2.tgz",
      "integrity": "sha512-kezcEqgB97BGeZZYtX/MA8AG410ptURstvnz5RAgyFZ8wQFPMxHY8GpTq+/ZHKT3frSlIthUq7EvLt9xn3TvXg==",
      "dev": true
    },
    "joi": {
      "version": "14.3.1",
      "resolved": "https://registry.npmjs.org/joi/-/joi-14.3.1.tgz",
      "integrity": "sha512-LQDdM+pkOrpAn4Lp+neNIFV3axv1Vna3j38bisbQhETPMANYRbFJFUyOZcOClYvM/hppMhGWuKSFEK9vjrB+bQ==",
      "requires": {
        "hoek": "6.x.x",
        "isemail": "3.x.x",
        "topo": "3.x.x"
      }
    },
    "lru-cache": {
      "version": "4.1.5",
      "resolved": "https://registry.npmjs.org/lru-cache/-/lru-cache-4.1.5.tgz",
      "integrity": "sha512-sWZlbEP2OsHNkXrMl5GYk/jKk70MBng6UU4YI/qGDYbgf6YbP4EvmqISbXCoJiRKs+1bSpFHVgQxvJ17F2li5g==",
      "requires": {
        "pseudomap": "^1.0.2",
        "yallist": "^2.1.2"
      }
    },
    "merge": {
      "version": "1.2.1",
      "resolved": "https://registry.npmjs.org/merge/-/merge-1.2.1.tgz",
      "integrity": "sha512-VjFo4P5Whtj4vsLzsYBu5ayHhoHJ0UqNm7ibvShmbmoz7tGi0vXaoJbGdB+GmDMLUdg8DpQXEIeVDAe8MaABvQ==",
      "dev": true
    },
    "minimist": {
      "version": "1.2.0",
      "resolved": "https://registry.npmjs.org/minimist/-/minimist-1.2.0.tgz",
      "integrity": "sha1-o1AIsg9BOD7sH7kU9M1d95omQoQ=",
      "dev": true
    },
    "mobx": {
      "version": "3.6.1",
      "resolved": "https://registry.npmjs.org/mobx/-/mobx-3.6.1.tgz",
      "integrity": "sha1-rmOo8A4UhadA0Pka4val9o4wO+o="
    },
    "ms": {
      "version": "2.1.1",
      "resolved": "https://registry.npmjs.org/ms/-/ms-2.1.1.tgz",
      "integrity": "sha512-tgp+dl5cGk28utYktBsrFqA7HKgrhgPsg6Z/EfhWI4gl1Hwq8B/GmY/0oXZ6nF8hDVesS/FpnYaD/kOWhYQvyg=="
    },
    "package": {
      "version": "1.0.1",
      "resolved": "https://registry.npmjs.org/package/-/package-1.0.1.tgz",
      "integrity": "sha1-0lofmeJQbcsn1nBLg9yooxLk7cw="
    },
    "pseudomap": {
      "version": "1.0.2",
      "resolved": "https://registry.npmjs.org/pseudomap/-/pseudomap-1.0.2.tgz",
      "integrity": "sha1-8FKijacOYYkX7wqKw0wa5aaChrM="
    },
    "punycode": {
      "version": "2.1.1",
      "resolved": "https://registry.npmjs.org/punycode/-/punycode-2.1.1.tgz",
      "integrity": "sha512-XRsRjdf+j5ml+y/6GKHPZbrF/8p2Yga0JPtdqTIY2Xe5ohJPD9saDJJLPvp9+NSBprVvevdXZybnj2cv8OEd0A=="
    },
    "qs": {
      "version": "6.7.0",
      "resolved": "https://registry.npmjs.org/qs/-/qs-6.7.0.tgz",
      "integrity": "sha512-VCdBRNFTX1fyE7Nb6FYoURo/SPe62QCaAyzJvUjwRaIsc+NePBEniHlvxFmmX56+HZphIGtV0XeCirBtpDrTyQ=="
    },
    "query-string": {
      "version": "6.4.2",
      "resolved": "https://registry.npmjs.org/query-string/-/query-string-6.4.2.tgz",
      "integrity": "sha512-DfJqAen17LfLA3rQ+H5S4uXphrF+ANU1lT2ijds4V/Tj4gZxA3gx5/tg1bz7kYCmwna7LyJNCYqO7jNRzo3aLw==",
      "dev": true,
      "requires": {
        "decode-uri-component": "^0.2.0",
        "split-on-first": "^1.0.0",
        "strict-uri-encode": "^2.0.0"
      }
    },
    "querystringify": {
      "version": "2.1.1",
      "resolved": "https://registry.npmjs.org/querystringify/-/querystringify-2.1.1.tgz",
      "integrity": "sha512-w7fLxIRCRT7U8Qu53jQnJyPkYZIaR4n5151KMfcJlO/A9397Wxb1amJvROTK6TOnp7PfoAmg/qXiNHI+08jRfA=="
    },
    "require-all": {
      "version": "3.0.0",
      "resolved": "https://registry.npmjs.org/require-all/-/require-all-3.0.0.tgz",
      "integrity": "sha1-Rz1JcEvjEBFc4ST3c4Ox69hnExI=",
      "dev": true
    },
    "requires-port": {
      "version": "1.0.0",
      "resolved": "https://registry.npmjs.org/requires-port/-/requires-port-1.0.0.tgz",
      "integrity": "sha1-kl0mAdOaxIXgkc8NpcbmlNw9yv8="
    },
    "split-on-first": {
      "version": "1.0.0",
      "resolved": "https://registry.npmjs.org/split-on-first/-/split-on-first-1.0.0.tgz",
      "integrity": "sha512-mjA57TQtdWztVZ9THAjGNpgbuIrNfsNrGa5IyK94NoPaT4N14M+GI4jD7t4arLjFkYRQWdETC5RxFzLWouoB3A==",
      "dev": true
    },
    "strict-uri-encode": {
      "version": "2.0.0",
      "resolved": "https://registry.npmjs.org/strict-uri-encode/-/strict-uri-encode-2.0.0.tgz",
      "integrity": "sha1-ucczDHBChi9rFC3CdLvMWGbONUY=",
      "dev": true
    },
    "topo": {
      "version": "3.0.3",
      "resolved": "https://registry.npmjs.org/topo/-/topo-3.0.3.tgz",
      "integrity": "sha512-IgpPtvD4kjrJ7CRA3ov2FhWQADwv+Tdqbsf1ZnPUSAtCJ9e1Z44MmoSGDXGk4IppoZA7jd/QRkNddlLJWlUZsQ==",
      "requires": {
        "hoek": "6.x.x"
      }
    },
    "url-parse": {
      "version": "1.4.5",
      "resolved": "https://registry.npmjs.org/url-parse/-/url-parse-1.4.5.tgz",
      "integrity": "sha512-4XDvC5vZRjEpjP0L4znrWeoH8P8F0XGBlfLdABi/6oV4o8xUVbTpyrxWHxkK2bT0pSIpcjdIzSoWUhlUfawCAQ==",
      "requires": {
        "querystringify": "^2.0.0",
        "requires-port": "^1.0.0"
      }
    },
    "vision": {
      "version": "5.4.4",
      "resolved": "https://registry.npmjs.org/vision/-/vision-5.4.4.tgz",
      "integrity": "sha512-jFeH7pU/ODYmTOpY5jutMKU/fDr+P621WYEnWgqwDikxutBWJ+koxlgGnkZQoKY6JlYdY4Awo+rPN3DNdTeDKg==",
      "dev": true,
      "requires": {
        "boom": "7.x.x",
        "hoek": "6.x.x",
        "items": "2.x.x",
        "joi": "14.x.x"
      }
    },
    "vuex": {
      "version": "3.0.1",
      "resolved": "https://registry.npmjs.org/vuex/-/vuex-3.0.1.tgz",
      "integrity": "sha512-wLoqz0B7DSZtgbWL1ShIBBCjv22GV5U+vcBFox658g6V0s4wZV9P4YjCNyoHSyIBpj1f29JBoNQIqD82cR4O3w=="
    },
    "watch": {
      "version": "1.0.2",
      "resolved": "https://registry.npmjs.org/watch/-/watch-1.0.2.tgz",
      "integrity": "sha1-NApxe952Vyb6CqB9ch4BR6VR3ww=",
      "dev": true,
      "requires": {
        "exec-sh": "^0.2.0",
        "minimist": "^1.2.0"
      }
    },
    "yallist": {
      "version": "2.1.2",
      "resolved": "https://registry.npmjs.org/yallist/-/yallist-2.1.2.tgz",
      "integrity": "sha1-HBH5IY8HYImkfdUS+TxmmaaoHVI="
    },
    "zrender": {
      "version": "4.0.4",
      "resolved": "http://registry.npm.taobao.org/zrender/download/zrender-4.0.4.tgz",
      "integrity": "sha1-kQ5g2IjwDJWZBz8jdY3SM0X+SP0="
    }
  }
}
